
Microsoft Visual Studio Solution File, Format Version 12.00
# Visual Studio 15
VisualStudioVersion = 15.0.28307.572
MinimumVisualStudioVersion = 10.0.40219.1
Project("{9A19103F-16F7-4668-BE54-9A1E7A4F7556}") = "Services", "Services\Services.csproj", "{CFC5B165-811C-4C28-818B-2B9D3CC2BD33}"
EndProject
Project("{9A19103F-16F7-4668-BE54-9A1E7A4F7556}") = "Database", "Database\Database.csproj", "{DCC1823A-FF92-453B-9CEA-A9216786CC1F}"
EndProject
Global
	GlobalSection(SolutionConfigurationPlatforms) = preSolution
		Debug|Any CPU = Debug|Any CPU
		Release|Any CPU = Release|Any CPU
	EndGlobalSection
	GlobalSection(ProjectConfigurationPlatforms) = postSolution
		{CFC5B165-811C-4C28-818B-2B9D3CC2BD33}.Debug|Any CPU.ActiveCfg = Debug|Any CPU
		{CFC5B165-811C-4C28-818B-2B9D3CC2BD33}.Debug|Any CPU.Build.0 = Debug|Any CPU
		{CFC5B165-811C-4C28-818B-2B9D3CC2BD33}.Release|Any CPU.ActiveCfg = Release|Any CPU
		{CFC5B165-811C-4C28-818B-2B9D3CC2BD33}.Release|Any CPU.Build.0 = Release|Any CPU
		{DCC1823A-FF92-453B-9CEA-A9216786CC1F}.Debug|Any CPU.ActiveCfg = Debug|Any CPU
		{DCC1823A-FF92-453B-9CEA-A9216786CC1F}.Debug|Any CPU.Build.0 = Debug|Any CPU
		{DCC1823A-FF92-453B-9CEA-A9216786CC1F}.Release|Any CPU.ActiveCfg = Release|Any CPU
		{DCC1823A-FF92-453B-9CEA-A9216786CC1F}.Release|Any CPU.Build.0 = Release|Any CPU
	EndGlobalSection
	GlobalSection(SolutionProperties) = preSolution
		HideSolutionNode = FALSE
	EndGlobalSection
	GlobalSection(ExtensibilityGlobals) = postSolution
		SolutionGuid = {4C80B832-04EC-4E94-ACE0-AA43AB38B94A}
	EndGlobalSection
EndGlobal
