
Microsoft Visual Studio Solution File, Format Version 12.00
# Visual Studio 15
VisualStudioVersion = 15.0.28307.572
MinimumVisualStudioVersion = 10.0.40219.1
Project("{FAE04EC0-301F-11D3-BF4B-00C04F79EFBC}") = "PuneCrafters.Business", "PuneCrafters.Business\PuneCrafters.Business.csproj", "{1E0A3EAE-BE19-4A45-AE91-9326730DF072}"
EndProject
Global
	GlobalSection(SolutionConfigurationPlatforms) = preSolution
		Debug|Any CPU = Debug|Any CPU
		Release|Any CPU = Release|Any CPU
	EndGlobalSection
	GlobalSection(ProjectConfigurationPlatforms) = postSolution
		{1E0A3EAE-BE19-4A45-AE91-9326730DF072}.Debug|Any CPU.ActiveCfg = Debug|Any CPU
		{1E0A3EAE-BE19-4A45-AE91-9326730DF072}.Debug|Any CPU.Build.0 = Debug|Any CPU
		{1E0A3EAE-BE19-4A45-AE91-9326730DF072}.Release|Any CPU.ActiveCfg = Release|Any CPU
		{1E0A3EAE-BE19-4A45-AE91-9326730DF072}.Release|Any CPU.Build.0 = Release|Any CPU
	EndGlobalSection
	GlobalSection(SolutionProperties) = preSolution
		HideSolutionNode = FALSE
	EndGlobalSection
	GlobalSection(ExtensibilityGlobals) = postSolution
		SolutionGuid = {4C80B832-04EC-4E94-ACE0-AA43AB38B94A}
	EndGlobalSection
EndGlobal
