
Microsoft Visual Studio Solution File, Format Version 12.00
# Visual Studio 15
VisualStudioVersion = 15.0.28307.572
MinimumVisualStudioVersion = 10.0.40219.1
Project("{FAE04EC0-301F-11D3-BF4B-00C04F79EFBC}") = "before", "before\before.csproj", "{1C9338F1-EB34-47CD-89DF-CB683F9BD667}"
EndProject
Project("{FAE04EC0-301F-11D3-BF4B-00C04F79EFBC}") = "after", "after\after.csproj", "{4679801E-636B-4F21-87D4-5DA4CA17C2A7}"
EndProject
Global
	GlobalSection(SolutionConfigurationPlatforms) = preSolution
		Debug|Any CPU = Debug|Any CPU
		Release|Any CPU = Release|Any CPU
	EndGlobalSection
	GlobalSection(ProjectConfigurationPlatforms) = postSolution
		{1C9338F1-EB34-47CD-89DF-CB683F9BD667}.Debug|Any CPU.ActiveCfg = Debug|Any CPU
		{1C9338F1-EB34-47CD-89DF-CB683F9BD667}.Debug|Any CPU.Build.0 = Debug|Any CPU
		{1C9338F1-EB34-47CD-89DF-CB683F9BD667}.Release|Any CPU.ActiveCfg = Release|Any CPU
		{1C9338F1-EB34-47CD-89DF-CB683F9BD667}.Release|Any CPU.Build.0 = Release|Any CPU
		{4679801E-636B-4F21-87D4-5DA4CA17C2A7}.Debug|Any CPU.ActiveCfg = Debug|Any CPU
		{4679801E-636B-4F21-87D4-5DA4CA17C2A7}.Debug|Any CPU.Build.0 = Debug|Any CPU
		{4679801E-636B-4F21-87D4-5DA4CA17C2A7}.Release|Any CPU.ActiveCfg = Release|Any CPU
		{4679801E-636B-4F21-87D4-5DA4CA17C2A7}.Release|Any CPU.Build.0 = Release|Any CPU
	EndGlobalSection
	GlobalSection(SolutionProperties) = preSolution
		HideSolutionNode = FALSE
	EndGlobalSection
	GlobalSection(ExtensibilityGlobals) = postSolution
		SolutionGuid = {D5AC9309-F063-4389-A734-CDB4A066A01B}
	EndGlobalSection
EndGlobal
